// !$*UTF8*$!
{
	archiveVersion = 1;
	classes = {
	};
	objectVersion = 77;
	objects = {

/* Begin PBXContainerItemProxy section */
		3993606A2D6D1F7F00447E80 /* PBXContainerItemProxy */ = {
			isa = PBXContainerItemProxy;
			containerPortal = 399360502D6D1F7E00447E80 /* Project object */;
			proxyType = 1;
			remoteGlobalIDString = 399360572D6D1F7E00447E80;
			remoteInfo = BlinkMore;
		};
		399360742D6D1F7F00447E80 /* PBXContainerItemProxy */ = {
			isa = PBXContainerItemProxy;
			containerPortal = 399360502D6D1F7E00447E80 /* Project object */;
			proxyType = 1;
			remoteGlobalIDString = 399360572D6D1F7E00447E80;
			remoteInfo = BlinkMore;
		};
/* End PBXContainerItemProxy section */

/* Begin PBXFileReference section */
		399360582D6D1F7E00447E80 /* BlinkMore.app */ = {isa = PBXFileReference; explicitFileType = wrapper.application; includeInIndex = 0; path = BlinkMore.app; sourceTree = BUILT_PRODUCTS_DIR; };
		399360692D6D1F7F00447E80 /* BlinkMoreTests.xctest */ = {isa = PBXFileReference; explicitFileType = wrapper.cfbundle; includeInIndex = 0; path = BlinkMoreTests.xctest; sourceTree = BUILT_PRODUCTS_DIR; };
		399360732D6D1F7F00447E80 /* BlinkMoreUITests.xctest */ = {isa = PBXFileReference; explicitFileType = wrapper.cfbundle; includeInIndex = 0; path = BlinkMoreUITests.xctest; sourceTree = BUILT_PRODUCTS_DIR; };
/* End PBXFileReference section */

/* Begin PBXFileSystemSynchronizedRootGroup section */
		3993605A2D6D1F7E00447E80 /* BlinkMore */ = {
			isa = PBXFileSystemSynchronizedRootGroup;
			path = BlinkMore;
			sourceTree = "<group>";
		};
		3993606C2D6D1F7F00447E80 /* BlinkMoreTests */ = {
			isa = PBXFileSystemSynchronizedRootGroup;
			path = BlinkMoreTests;
			sourceTree = "<group>";
		};
		399360762D6D1F7F00447E80 /* BlinkMoreUITests */ = {
			isa = PBXFileSystemSynchronizedRootGroup;
			path = BlinkMoreUITests;
			sourceTree = "<group>";
		};
/* End PBXFileSystemSynchronizedRootGroup section */

/* Begin PBXFrameworksBuildPhase section */
		399360552D6D1F7E00447E80 /* Frameworks */ = {
			isa = PBXFrameworksBuildPhase;
			buildActionMask = 2147483647;
			files = (
			);
			runOnlyForDeploymentPostprocessing = 0;
		};
		399360662D6D1F7F00447E80 /* Frameworks */ = {
			isa = PBXFrameworksBuildPhase;
			buildActionMask = 2147483647;
			files = (
			);
			runOnlyForDeploymentPostprocessing = 0;
		};
		399360702D6D1F7F00447E80 /* Frameworks */ = {
			isa = PBXFrameworksBuildPhase;
			buildActionMask = 2147483647;
			files = (
			);
			runOnlyForDeploymentPostprocessing = 0;
		};
/* End PBXFrameworksBuildPhase section */

/* Begin PBXGroup section */
		3993604F2D6D1F7E00447E80 = {
			isa = PBXGroup;
			children = (
				3993605A2D6D1F7E00447E80 /* BlinkMore */,
				3993606C2D6D1F7F00447E80 /* BlinkMoreTests */,
				399360762D6D1F7F00447E80 /* BlinkMoreUITests */,
				399360592D6D1F7E00447E80 /* Products */,
			);
			sourceTree = "<group>";
		};
		399360592D6D1F7E00447E80 /* Products */ = {
			isa = PBXGroup;
			children = (
				399360582D6D1F7E00447E80 /* BlinkMore.app */,
				399360692D6D1F7F00447E80 /* BlinkMoreTests.xctest */,
				399360732D6D1F7F00447E80 /* BlinkMoreUITests.xctest */,
			);
			name = Products;
			sourceTree = "<group>";
		};
/* End PBXGroup section */

/* Begin PBXNativeTarget section */
		399360572D6D1F7E00447E80 /* BlinkMore */ = {
			isa = PBXNativeTarget;
			buildConfigurationList = 3993607D2D6D1F7F00447E80 /* Build configuration list for PBXNativeTarget "BlinkMore" */;
			buildPhases = (
				399360542D6D1F7E00447E80 /* Sources */,
				399360552D6D1F7E00447E80 /* Frameworks */,
				399360562D6D1F7E00447E80 /* Resources */,
			);
			buildRules = (
			);
			dependencies = (
			);
			fileSystemSynchronizedGroups = (
				3993605A2D6D1F7E00447E80 /* BlinkMore */,
			);
			name = BlinkMore;
			packageProductDependencies = (
			);
			productName = BlinkMore;
			productReference = 399360582D6D1F7E00447E80 /* BlinkMore.app */;
			productType = "com.apple.product-type.application";
		};
		399360682D6D1F7F00447E80 /* BlinkMoreTests */ = {
			isa = PBXNativeTarget;
			buildConfigurationList = 399360802D6D1F7F00447E80 /* Build configuration list for PBXNativeTarget "BlinkMoreTests" */;
			buildPhases = (
				399360652D6D1F7F00447E80 /* Sources */,
				399360662D6D1F7F00447E80 /* Frameworks */,
				399360672D6D1F7F00447E80 /* Resources */,
			);
			buildRules = (
			);
			dependencies = (
				3993606B2D6D1F7F00447E80 /* PBXTargetDependency */,
			);
			fileSystemSynchronizedGroups = (
				3993606C2D6D1F7F00447E80 /* BlinkMoreTests */,
			);
			name = BlinkMoreTests;
			packageProductDependencies = (
			);
			productName = BlinkMoreTests;
			productReference = 399360692D6D1F7F00447E80 /* BlinkMoreTests.xctest */;
			productType = "com.apple.product-type.bundle.unit-test";
		};
		399360722D6D1F7F00447E80 /* BlinkMoreUITests */ = {
			isa = PBXNativeTarget;
			buildConfigurationList = 399360832D6D1F7F00447E80 /* Build configuration list for PBXNativeTarget "BlinkMoreUITests" */;
			buildPhases = (
				3993606F2D6D1F7F00447E80 /* Sources */,
				399360702D6D1F7F00447E80 /* Frameworks */,
				399360712D6D1F7F00447E80 /* Resources */,
			);
			buildRules = (
			);
			dependencies = (
				399360752D6D1F7F00447E80 /* PBXTargetDependency */,
			);
			fileSystemSynchronizedGroups = (
				399360762D6D1F7F00447E80 /* BlinkMoreUITests */,
			);
			name = BlinkMoreUITests;
			packageProductDependencies = (
			);
			productName = BlinkMoreUITests;
			productReference = 399360732D6D1F7F00447E80 /* BlinkMoreUITests.xctest */;
			productType = "com.apple.product-type.bundle.ui-testing";
		};
/* End PBXNativeTarget section */

/* Begin PBXProject section */
		399360502D6D1F7E00447E80 /* Project object */ = {
			isa = PBXProject;
			attributes = {
				BuildIndependentTargetsInParallel = 1;
				LastSwiftUpdateCheck = 1610;
				LastUpgradeCheck = 1610;
				TargetAttributes = {
					399360572D6D1F7E00447E80 = {
						CreatedOnToolsVersion = 16.1;
					};
					399360682D6D1F7F00447E80 = {
						CreatedOnToolsVersion = 16.1;
						TestTargetID = 399360572D6D1F7E00447E80;
					};
					399360722D6D1F7F00447E80 = {
						CreatedOnToolsVersion = 16.1;
						TestTargetID = 399360572D6D1F7E00447E80;
					};
				};
			};
			buildConfigurationList = 399360532D6D1F7E00447E80 /* Build configuration list for PBXProject "BlinkMore" */;
			developmentRegion = en;
			hasScannedForEncodings = 0;
			knownRegions = (
				en,
				Base,
			);
			mainGroup = 3993604F2D6D1F7E00447E80;
			minimizedProjectReferenceProxies = 1;
			preferredProjectObjectVersion = 77;
			productRefGroup = 399360592D6D1F7E00447E80 /* Products */;
			projectDirPath = "";
			projectRoot = "";
			targets = (
				399360572D6D1F7E00447E80 /* BlinkMore */,
				399360682D6D1F7F00447E80 /* BlinkMoreTests */,
				399360722D6D1F7F00447E80 /* BlinkMoreUITests */,
			);
		};
/* End PBXProject section */

/* Begin PBXResourcesBuildPhase section */
		399360562D6D1F7E00447E80 /* Resources */ = {
			isa = PBXResourcesBuildPhase;
			buildActionMask = 2147483647;
			files = (
			);
			runOnlyForDeploymentPostprocessing = 0;
		};
		399360672D6D1F7F00447E80 /* Resources */ = {
			isa = PBXResourcesBuildPhase;
			buildActionMask = 2147483647;
			files = (
			);
			runOnlyForDeploymentPostprocessing = 0;
		};
		399360712D6D1F7F00447E80 /* Resources */ = {
			isa = PBXResourcesBuildPhase;
			buildActionMask = 2147483647;
			files = (
			);
			runOnlyForDeploymentPostprocessing = 0;
		};
/* End PBXResourcesBuildPhase section */

/* Begin PBXSourcesBuildPhase section */
		399360542D6D1F7E00447E80 /* Sources */ = {
			isa = PBXSourcesBuildPhase;
			buildActionMask = 2147483647;
			files = (
			);
			runOnlyForDeploymentPostprocessing = 0;
		};
		399360652D6D1F7F00447E80 /* Sources */ = {
			isa = PBXSourcesBuildPhase;
			buildActionMask = 2147483647;
			files = (
			);
			runOnlyForDeploymentPostprocessing = 0;
		};
		3993606F2D6D1F7F00447E80 /* Sources */ = {
			isa = PBXSourcesBuildPhase;
			buildActionMask = 2147483647;
			files = (
			);
			runOnlyForDeploymentPostprocessing = 0;
		};
/* End PBXSourcesBuildPhase section */

/* Begin PBXTargetDependency section */
		3993606B2D6D1F7F00447E80 /* PBXTargetDependency */ = {
			isa = PBXTargetDependency;
			target = 399360572D6D1F7E00447E80 /* BlinkMore */;
			targetProxy = 3993606A2D6D1F7F00447E80 /* PBXContainerItemProxy */;
		};
		399360752D6D1F7F00447E80 /* PBXTargetDependency */ = {
			isa = PBXTargetDependency;
			target = 399360572D6D1F7E00447E80 /* BlinkMore */;
			targetProxy = 399360742D6D1F7F00447E80 /* PBXContainerItemProxy */;
		};
/* End PBXTargetDependency section */

/* Begin XCBuildConfiguration section */
		3993607B2D6D1F7F00447E80 /* Debug */ = {
			isa = XCBuildConfiguration;
			buildSettings = {
				ALWAYS_SEARCH_USER_PATHS = NO;
				ASSETCATALOG_COMPILER_GENERATE_SWIFT_ASSET_SYMBOL_EXTENSIONS = YES;
				CLANG_ANALYZER_NONNULL = YES;
				CLANG_ANALYZER_NUMBER_OBJECT_CONVERSION = YES_AGGRESSIVE;
				CLANG_CXX_LANGUAGE_STANDARD = "gnu++20";
				CLANG_ENABLE_MODULES = YES;
				CLANG_ENABLE_OBJC_ARC = YES;
				CLANG_ENABLE_OBJC_WEAK = YES;
				CLANG_WARN_BLOCK_CAPTURE_AUTORELEASING = YES;
				CLANG_WARN_BOOL_CONVERSION = YES;
				CLANG_WARN_COMMA = YES;
				CLANG_WARN_CONSTANT_CONVERSION = YES;
				CLANG_WARN_DEPRECATED_OBJC_IMPLEMENTATIONS = YES;
				CLANG_WARN_DIRECT_OBJC_ISA_USAGE = YES_ERROR;
				CLANG_WARN_DOCUMENTATION_COMMENTS = YES;
				CLANG_WARN_EMPTY_BODY = YES;
				CLANG_WARN_ENUM_CONVERSION = YES;
				CLANG_WARN_INFINITE_RECURSION = YES;
				CLANG_WARN_INT_CONVERSION = YES;
				CLANG_WARN_NON_LITERAL_NULL_CONVERSION = YES;
				CLANG_WARN_OBJC_IMPLICIT_RETAIN_SELF = YES;
				CLANG_WARN_OBJC_LITERAL_CONVERSION = YES;
				CLANG_WARN_OBJC_ROOT_CLASS = YES_ERROR;
				CLANG_WARN_QUOTED_INCLUDE_IN_FRAMEWORK_HEADER = YES;
				CLANG_WARN_RANGE_LOOP_ANALYSIS = YES;
				CLANG_WARN_STRICT_PROTOTYPES = YES;
				CLANG_WARN_SUSPICIOUS_MOVE = YES;
				CLANG_WARN_UNGUARDED_AVAILABILITY = YES_AGGRESSIVE;
				CLANG_WARN_UNREACHABLE_CODE = YES;
				CLANG_WARN__DUPLICATE_METHOD_MATCH = YES;
				COPY_PHASE_STRIP = NO;
				DEBUG_INFORMATION_FORMAT = dwarf;
				ENABLE_STRICT_OBJC_MSGSEND = YES;
				ENABLE_TESTABILITY = YES;
				ENABLE_USER_SCRIPT_SANDBOXING = YES;
				GCC_C_LANGUAGE_STANDARD = gnu17;
				GCC_DYNAMIC_NO_PIC = NO;
				GCC_NO_COMMON_BLOCKS = YES;
				GCC_OPTIMIZATION_LEVEL = 0;
				GCC_PREPROCESSOR_DEFINITIONS = (
					"DEBUG=1",
					"$(inherited)",
				);
				GCC_WARN_64_TO_32_BIT_CONVERSION = YES;
				GCC_WARN_ABOUT_RETURN_TYPE = YES_ERROR;
				GCC_WARN_UNDECLARED_SELECTOR = YES;
				GCC_WARN_UNINITIALIZED_AUTOS = YES_AGGRESSIVE;
				GCC_WARN_UNUSED_FUNCTION = YES;
				GCC_WARN_UNUSED_VARIABLE = YES;
				LOCALIZATION_PREFERS_STRING_CATALOGS = YES;
				MACOSX_DEPLOYMENT_TARGET = 15.1;
				MTL_ENABLE_DEBUG_INFO = INCLUDE_SOURCE;
				MTL_FAST_MATH = YES;
				ONLY_ACTIVE_ARCH = YES;
				SDKROOT = macosx;
				SWIFT_ACTIVE_COMPILATION_CONDITIONS = "DEBUG $(inherited)";
				SWIFT_OPTIMIZATION_LEVEL = "-Onone";
			};
			name = Debug;
		};
		3993607C2D6D1F7F00447E80 /* Release */ = {
			isa = XCBuildConfiguration;
			buildSettings = {
				ALWAYS_SEARCH_USER_PATHS = NO;
				ASSETCATALOG_COMPILER_GENERATE_SWIFT_ASSET_SYMBOL_EXTENSIONS = YES;
				CLANG_ANALYZER_NONNULL = YES;
				CLANG_ANALYZER_NUMBER_OBJECT_CONVERSION = YES_AGGRESSIVE;
				CLANG_CXX_LANGUAGE_STANDARD = "gnu++20";
				CLANG_ENABLE_MODULES = YES;
				CLANG_ENABLE_OBJC_ARC = YES;
				CLANG_ENABLE_OBJC_WEAK = YES;
				CLANG_WARN_BLOCK_CAPTURE_AUTORELEASING = YES;
				CLANG_WARN_BOOL_CONVERSION = YES;
				CLANG_WARN_COMMA = YES;
				CLANG_WARN_CONSTANT_CONVERSION = YES;
				CLANG_WARN_DEPRECATED_OBJC_IMPLEMENTATIONS = YES;
				CLANG_WARN_DIRECT_OBJC_ISA_USAGE = YES_ERROR;
				CLANG_WARN_DOCUMENTATION_COMMENTS = YES;
				CLANG_WARN_EMPTY_BODY = YES;
				CLANG_WARN_ENUM_CONVERSION = YES;
				CLANG_WARN_INFINITE_RECURSION = YES;
				CLANG_WARN_INT_CONVERSION = YES;
				CLANG_WARN_NON_LITERAL_NULL_CONVERSION = YES;
				CLANG_WARN_OBJC_IMPLICIT_RETAIN_SELF = YES;
				CLANG_WARN_OBJC_LITERAL_CONVERSION = YES;
				CLANG_WARN_OBJC_ROOT_CLASS = YES_ERROR;
				CLANG_WARN_QUOTED_INCLUDE_IN_FRAMEWORK_HEADER = YES;
				CLANG_WARN_RANGE_LOOP_ANALYSIS = YES;
				CLANG_WARN_STRICT_PROTOTYPES = YES;
				CLANG_WARN_SUSPICIOUS_MOVE = YES;
				CLANG_WARN_UNGUARDED_AVAILABILITY = YES_AGGRESSIVE;
				CLANG_WARN_UNREACHABLE_CODE = YES;
				CLANG_WARN__DUPLICATE_METHOD_MATCH = YES;
				COPY_PHASE_STRIP = NO;
				DEBUG_INFORMATION_FORMAT = "dwarf-with-dsym";
				ENABLE_NS_ASSERTIONS = NO;
				ENABLE_STRICT_OBJC_MSGSEND = YES;
				ENABLE_USER_SCRIPT_SANDBOXING = YES;
				GCC_C_LANGUAGE_STANDARD = gnu17;
				GCC_NO_COMMON_BLOCKS = YES;
				GCC_WARN_64_TO_32_BIT_CONVERSION = YES;
				GCC_WARN_ABOUT_RETURN_TYPE = YES_ERROR;
				GCC_WARN_UNDECLARED_SELECTOR = YES;
				GCC_WARN_UNINITIALIZED_AUTOS = YES_AGGRESSIVE;
				GCC_WARN_UNUSED_FUNCTION = YES;
				GCC_WARN_UNUSED_VARIABLE = YES;
				LOCALIZATION_PREFERS_STRING_CATALOGS = YES;
				MACOSX_DEPLOYMENT_TARGET = 15.1;
				MTL_ENABLE_DEBUG_INFO = NO;
				MTL_FAST_MATH = YES;
				SDKROOT = macosx;
				SWIFT_COMPILATION_MODE = wholemodule;
			};
			name = Release;
		};
		3993607E2D6D1F7F00447E80 /* Debug */ = {
			isa = XCBuildConfiguration;
			buildSettings = {
				ASSETCATALOG_COMPILER_APPICON_NAME = AppIcon;
				ASSETCATALOG_COMPILER_GLOBAL_ACCENT_COLOR_NAME = AccentColor;
				CODE_SIGN_ENTITLEMENTS = BlinkMore/BlinkMore.entitlements;
				CODE_SIGN_STYLE = Automatic;
				COMBINE_HIDPI_IMAGES = YES;
				CURRENT_PROJECT_VERSION = 1;
				DEVELOPMENT_ASSET_PATHS = "\"BlinkMore/Preview Content\"";
				ENABLE_HARDENED_RUNTIME = YES;
				ENABLE_PREVIEWS = YES;
				INFOPLIST_FILE = BlinkMore/Info.plist;
				INFOPLIST_KEY_NSHumanReadableCopyright = "";
				LD_RUNPATH_SEARCH_PATHS = (
					"$(inherited)",
					"@executable_path/../Frameworks",
				);
				MARKETING_VERSION = 1.0;
				PRODUCT_BUNDLE_IDENTIFIER = "https---github.com-oxremy-BlinkMore.BlinkMore";
				PRODUCT_NAME = "$(TARGET_NAME)";
				SWIFT_EMIT_LOC_STRINGS = YES;
				SWIFT_VERSION = 5.0;
			};
			name = Debug;
		};
		3993607F2D6D1F7F00447E80 /* Release */ = {
			isa = XCBuildConfiguration;
			buildSettings = {
				ASSETCATALOG_COMPILER_APPICON_NAME = AppIcon;
				ASSETCATALOG_COMPILER_GLOBAL_ACCENT_COLOR_NAME = AccentColor;
				CODE_SIGN_ENTITLEMENTS = BlinkMore/BlinkMore.entitlements;
				CODE_SIGN_STYLE = Automatic;
				COMBINE_HIDPI_IMAGES = YES;
				CURRENT_PROJECT_VERSION = 1;
				DEVELOPMENT_ASSET_PATHS = "\"BlinkMore/Preview Content\"";
				ENABLE_PREVIEWS = YES;
				INFOPLIST_FILE = BlinkMore/Info.plist;
				INFOPLIST_KEY_NSHumanReadableCopyright = "";
				LD_RUNPATH_SEARCH_PATHS = (
					"$(inherited)",
					"@executable_path/../Frameworks",
				);
				MARKETING_VERSION = 1.0;
				PRODUCT_BUNDLE_IDENTIFIER = "https---github.com-oxremy-BlinkMore.BlinkMore";
				PRODUCT_NAME = "$(TARGET_NAME)";
				SWIFT_EMIT_LOC_STRINGS = YES;
				SWIFT_VERSION = 5.0;
			};
			name = Release;
		};
		399360812D6D1F7F00447E80 /* Debug */ = {
			isa = XCBuildConfiguration;
			buildSettings = {
				BUNDLE_LOADER = "$(TEST_HOST)";
				CODE_SIGN_STYLE = Automatic;
				CURRENT_PROJECT_VERSION = 1;
				GENERATE_INFOPLIST_FILE = YES;
				MACOSX_DEPLOYMENT_TARGET = 15.1;
				MARKETING_VERSION = 1.0;
				PRODUCT_BUNDLE_IDENTIFIER = "https---github.com-oxremy-BlinkMore.BlinkMoreTests";
				PRODUCT_NAME = "$(TARGET_NAME)";
				SWIFT_EMIT_LOC_STRINGS = NO;
				SWIFT_VERSION = 5.0;
				TEST_HOST = "$(BUILT_PRODUCTS_DIR)/BlinkMore.app/$(BUNDLE_EXECUTABLE_FOLDER_PATH)/BlinkMore";
			};
			name = Debug;
		};
		399360822D6D1F7F00447E80 /* Release */ = {
			isa = XCBuildConfiguration;
			buildSettings = {
				BUNDLE_LOADER = "$(TEST_HOST)";
				CODE_SIGN_STYLE = Automatic;
				CURRENT_PROJECT_VERSION = 1;
				GENERATE_INFOPLIST_FILE = YES;
				MACOSX_DEPLOYMENT_TARGET = 15.1;
				MARKETING_VERSION = 1.0;
				PRODUCT_BUNDLE_IDENTIFIER = "https---github.com-oxremy-BlinkMore.BlinkMoreTests";
				PRODUCT_NAME = "$(TARGET_NAME)";
				SWIFT_EMIT_LOC_STRINGS = NO;
				SWIFT_VERSION = 5.0;
				TEST_HOST = "$(BUILT_PRODUCTS_DIR)/BlinkMore.app/$(BUNDLE_EXECUTABLE_FOLDER_PATH)/BlinkMore";
			};
			name = Release;
		};
		399360842D6D1F7F00447E80 /* Debug */ = {
			isa = XCBuildConfiguration;
			buildSettings = {
				CODE_SIGN_STYLE = Automatic;
				CURRENT_PROJECT_VERSION = 1;
				GENERATE_INFOPLIST_FILE = YES;
				MARKETING_VERSION = 1.0;
				PRODUCT_BUNDLE_IDENTIFIER = "https---github.com-oxremy-BlinkMore.BlinkMoreUITests";
				PRODUCT_NAME = "$(TARGET_NAME)";
				SWIFT_EMIT_LOC_STRINGS = NO;
				SWIFT_VERSION = 5.0;
				TEST_TARGET_NAME = BlinkMore;
			};
			name = Debug;
		};
		399360852D6D1F7F00447E80 /* Release */ = {
			isa = XCBuildConfiguration;
			buildSettings = {
				CODE_SIGN_STYLE = Automatic;
				CURRENT_PROJECT_VERSION = 1;
				GENERATE_INFOPLIST_FILE = YES;
				MARKETING_VERSION = 1.0;
				PRODUCT_BUNDLE_IDENTIFIER = "https---github.com-oxremy-BlinkMore.BlinkMoreUITests";
				PRODUCT_NAME = "$(TARGET_NAME)";
				SWIFT_EMIT_LOC_STRINGS = NO;
				SWIFT_VERSION = 5.0;
				TEST_TARGET_NAME = BlinkMore;
			};
			name = Release;
		};
/* End XCBuildConfiguration section */

/* Begin XCConfigurationList section */
		399360532D6D1F7E00447E80 /* Build configuration list for PBXProject "BlinkMore" */ = {
			isa = XCConfigurationList;
			buildConfigurations = (
				3993607B2D6D1F7F00447E80 /* Debug */,
				3993607C2D6D1F7F00447E80 /* Release */,
			);
			defaultConfigurationIsVisible = 0;
			defaultConfigurationName = Release;
		};
		3993607D2D6D1F7F00447E80 /* Build configuration list for PBXNativeTarget "BlinkMore" */ = {
			isa = XCConfigurationList;
			buildConfigurations = (
				3993607E2D6D1F7F00447E80 /* Debug */,
				3993607F2D6D1F7F00447E80 /* Release */,
			);
			defaultConfigurationIsVisible = 0;
			defaultConfigurationName = Release;
		};
		399360802D6D1F7F00447E80 /* Build configuration list for PBXNativeTarget "BlinkMoreTests" */ = {
			isa = XCConfigurationList;
			buildConfigurations = (
				399360812D6D1F7F00447E80 /* Debug */,
				399360822D6D1F7F00447E80 /* Release */,
			);
			defaultConfigurationIsVisible = 0;
			defaultConfigurationName = Release;
		};
		399360832D6D1F7F00447E80 /* Build configuration list for PBXNativeTarget "BlinkMoreUITests" */ = {
			isa = XCConfigurationList;
			buildConfigurations = (
				399360842D6D1F7F00447E80 /* Debug */,
				399360852D6D1F7F00447E80 /* Release */,
			);
			defaultConfigurationIsVisible = 0;
			defaultConfigurationName = Release;
		};
/* End XCConfigurationList section */
	};
	rootObject = 399360502D6D1F7E00447E80 /* Project object */;
}
